
Microsoft Visual Studio Solution File, Format Version 12.00
# Visual Studio Version 17
VisualStudioVersion = 17.14.36414.22
MinimumVisualStudioVersion = 10.0.40219.1
Project("{FAE04EC0-301F-11D3-BF4B-00C04F79EFBC}") = "Day01_VariablesAndTypes", "Day01_VariablesAndTypes\Day01_VariablesAndTypes.csproj", "{8E15CE2A-BCD7-41B6-81AC-0F4670419BF3}"
EndProject
Project("{FAE04EC0-301F-11D3-BF4B-00C04F79EFBC}") = "Day02_IfElseStatements", "Day02_IfElseStatements\Day02_IfElseStatements.csproj", "{9B638A0D-17AD-46D6-B367-2EA18428BA77}"
EndProject
Project("{FAE04EC0-301F-11D3-BF4B-00C04F79EFBC}") = "Day03_Loops", "Day03_Loops\Day03_Loops.csproj", "{E5D1AC7E-E289-43BB-A655-09E138AE70C4}"
EndProject
Project("{FAE04EC0-301F-11D3-BF4B-00C04F79EFBC}") = "Day04_SwitchCase", "Day04_SwitchCase\Day04_SwitchCase.csproj", "{475BCEE4-26CC-4F12-AAC6-55E8AC5DF144}"
EndProject
Project("{FAE04EC0-301F-11D3-BF4B-00C04F79EFBC}") = "Day05_Arrays", "Day05_Arrays\Day05_Arrays.csproj", "{B0942FD9-52A4-47FC-9CB7-CB35F60F60D3}"
EndProject
Project("{FAE04EC0-301F-11D3-BF4B-00C04F79EFBC}") = "Day06_ArrayOperations", "Day06_ArrayOperations\Day06_ArrayOperations.csproj", "{9A5854E2-6753-49EA-A300-DF9ACD4F2680}"
EndProject
Project("{FAE04EC0-301F-11D3-BF4B-00C04F79EFBC}") = "Day07_Methods", "Day07_Methods\Day07_Methods.csproj", "{EBA854D9-E5B2-47C2-8C8E-FB203A47673B}"
EndProject
Project("{FAE04EC0-301F-11D3-BF4B-00C04F79EFBC}") = "Day08_MethodsAdvanced", "Day08_MethodsAdvanced\Day08_MethodsAdvanced.csproj", "{87D8DA20-0A39-4759-AF05-CC98FC1DA84D}"
EndProject
Project("{FAE04EC0-301F-11D3-BF4B-00C04F79EFBC}") = "Day09_ArraysAndMethods", "Day09_ArraysAndMethods\Day09_ArraysAndMethods.csproj", "{A6679189-D053-4CF4-9571-2E93BCA21FDB}"
EndProject
Project("{FAE04EC0-301F-11D3-BF4B-00C04F79EFBC}") = "Day10_ClassesAndObjects", "Day10_ClassesAndObjects\Day10_ClassesAndObjects.csproj", "{0A1391A7-F6A4-4570-92C3-829A41EEC7B9}"
EndProject
Project("{FAE04EC0-301F-11D3-BF4B-00C04F79EFBC}") = "Day11_Constructors", "Day11_Constructors\Day11_Constructors.csproj", "{91ECADDA-6CEE-4476-AFC9-137572EAF75C}"
EndProject
Project("{FAE04EC0-301F-11D3-BF4B-00C04F79EFBC}") = "Day12_Encapsulation", "Day12_Encapsulation\Day12_Encapsulation.csproj", "{FD7E4464-3DF8-45A5-B9F8-69A259FB0036}"
EndProject
Project("{FAE04EC0-301F-11D3-BF4B-00C04F79EFBC}") = "Day13_Inheritance", "Day13_Inheritance\Day13_Inheritance.csproj", "{7A40E722-8B11-4027-A120-83B078E627CB}"
EndProject
Project("{FAE04EC0-301F-11D3-BF4B-00C04F79EFBC}") = "Day14_Polymorphism", "Day14_Polymorphism\Day14_Polymorphism.csproj", "{91EEB0E9-C946-4542-BA2F-D67EB85CB608}"
EndProject
Project("{FAE04EC0-301F-11D3-BF4B-00C04F79EFBC}") = "Day15_AbstractClasses", "Day15_AbstractClasses\Day15_AbstractClasses.csproj", "{94D8B4FF-A930-45D7-A8FF-C3ED2DF9763E}"
EndProject
Project("{FAE04EC0-301F-11D3-BF4B-00C04F79EFBC}") = "Day16_Interface", "Day16_Interface\Day16_Interface.csproj", "{40FC0AED-F251-4CC2-9166-D6D4DD04D185}"
EndProject
Global
	GlobalSection(SolutionConfigurationPlatforms) = preSolution
		Debug|Any CPU = Debug|Any CPU
		Release|Any CPU = Release|Any CPU
	EndGlobalSection
	GlobalSection(ProjectConfigurationPlatforms) = postSolution
		{8E15CE2A-BCD7-41B6-81AC-0F4670419BF3}.Debug|Any CPU.ActiveCfg = Debug|Any CPU
		{8E15CE2A-BCD7-41B6-81AC-0F4670419BF3}.Debug|Any CPU.Build.0 = Debug|Any CPU
		{8E15CE2A-BCD7-41B6-81AC-0F4670419BF3}.Release|Any CPU.ActiveCfg = Release|Any CPU
		{8E15CE2A-BCD7-41B6-81AC-0F4670419BF3}.Release|Any CPU.Build.0 = Release|Any CPU
		{9B638A0D-17AD-46D6-B367-2EA18428BA77}.Debug|Any CPU.ActiveCfg = Debug|Any CPU
		{9B638A0D-17AD-46D6-B367-2EA18428BA77}.Debug|Any CPU.Build.0 = Debug|Any CPU
		{9B638A0D-17AD-46D6-B367-2EA18428BA77}.Release|Any CPU.ActiveCfg = Release|Any CPU
		{9B638A0D-17AD-46D6-B367-2EA18428BA77}.Release|Any CPU.Build.0 = Release|Any CPU
		{E5D1AC7E-E289-43BB-A655-09E138AE70C4}.Debug|Any CPU.ActiveCfg = Debug|Any CPU
		{E5D1AC7E-E289-43BB-A655-09E138AE70C4}.Debug|Any CPU.Build.0 = Debug|Any CPU
		{E5D1AC7E-E289-43BB-A655-09E138AE70C4}.Release|Any CPU.ActiveCfg = Release|Any CPU
		{E5D1AC7E-E289-43BB-A655-09E138AE70C4}.Release|Any CPU.Build.0 = Release|Any CPU
		{475BCEE4-26CC-4F12-AAC6-55E8AC5DF144}.Debug|Any CPU.ActiveCfg = Debug|Any CPU
		{475BCEE4-26CC-4F12-AAC6-55E8AC5DF144}.Debug|Any CPU.Build.0 = Debug|Any CPU
		{475BCEE4-26CC-4F12-AAC6-55E8AC5DF144}.Release|Any CPU.ActiveCfg = Release|Any CPU
		{475BCEE4-26CC-4F12-AAC6-55E8AC5DF144}.Release|Any CPU.Build.0 = Release|Any CPU
		{B0942FD9-52A4-47FC-9CB7-CB35F60F60D3}.Debug|Any CPU.ActiveCfg = Debug|Any CPU
		{B0942FD9-52A4-47FC-9CB7-CB35F60F60D3}.Debug|Any CPU.Build.0 = Debug|Any CPU
		{B0942FD9-52A4-47FC-9CB7-CB35F60F60D3}.Release|Any CPU.ActiveCfg = Release|Any CPU
		{B0942FD9-52A4-47FC-9CB7-CB35F60F60D3}.Release|Any CPU.Build.0 = Release|Any CPU
		{9A5854E2-6753-49EA-A300-DF9ACD4F2680}.Debug|Any CPU.ActiveCfg = Debug|Any CPU
		{9A5854E2-6753-49EA-A300-DF9ACD4F2680}.Debug|Any CPU.Build.0 = Debug|Any CPU
		{9A5854E2-6753-49EA-A300-DF9ACD4F2680}.Release|Any CPU.ActiveCfg = Release|Any CPU
		{9A5854E2-6753-49EA-A300-DF9ACD4F2680}.Release|Any CPU.Build.0 = Release|Any CPU
		{EBA854D9-E5B2-47C2-8C8E-FB203A47673B}.Debug|Any CPU.ActiveCfg = Debug|Any CPU
		{EBA854D9-E5B2-47C2-8C8E-FB203A47673B}.Debug|Any CPU.Build.0 = Debug|Any CPU
		{EBA854D9-E5B2-47C2-8C8E-FB203A47673B}.Release|Any CPU.ActiveCfg = Release|Any CPU
		{EBA854D9-E5B2-47C2-8C8E-FB203A47673B}.Release|Any CPU.Build.0 = Release|Any CPU
		{87D8DA20-0A39-4759-AF05-CC98FC1DA84D}.Debug|Any CPU.ActiveCfg = Debug|Any CPU
		{87D8DA20-0A39-4759-AF05-CC98FC1DA84D}.Debug|Any CPU.Build.0 = Debug|Any CPU
		{87D8DA20-0A39-4759-AF05-CC98FC1DA84D}.Release|Any CPU.ActiveCfg = Release|Any CPU
		{87D8DA20-0A39-4759-AF05-CC98FC1DA84D}.Release|Any CPU.Build.0 = Release|Any CPU
		{A6679189-D053-4CF4-9571-2E93BCA21FDB}.Debug|Any CPU.ActiveCfg = Debug|Any CPU
		{A6679189-D053-4CF4-9571-2E93BCA21FDB}.Debug|Any CPU.Build.0 = Debug|Any CPU
		{A6679189-D053-4CF4-9571-2E93BCA21FDB}.Release|Any CPU.ActiveCfg = Release|Any CPU
		{A6679189-D053-4CF4-9571-2E93BCA21FDB}.Release|Any CPU.Build.0 = Release|Any CPU
		{0A1391A7-F6A4-4570-92C3-829A41EEC7B9}.Debug|Any CPU.ActiveCfg = Debug|Any CPU
		{0A1391A7-F6A4-4570-92C3-829A41EEC7B9}.Debug|Any CPU.Build.0 = Debug|Any CPU
		{0A1391A7-F6A4-4570-92C3-829A41EEC7B9}.Release|Any CPU.ActiveCfg = Release|Any CPU
		{0A1391A7-F6A4-4570-92C3-829A41EEC7B9}.Release|Any CPU.Build.0 = Release|Any CPU
		{91ECADDA-6CEE-4476-AFC9-137572EAF75C}.Debug|Any CPU.ActiveCfg = Debug|Any CPU
		{91ECADDA-6CEE-4476-AFC9-137572EAF75C}.Debug|Any CPU.Build.0 = Debug|Any CPU
		{91ECADDA-6CEE-4476-AFC9-137572EAF75C}.Release|Any CPU.ActiveCfg = Release|Any CPU
		{91ECADDA-6CEE-4476-AFC9-137572EAF75C}.Release|Any CPU.Build.0 = Release|Any CPU
		{FD7E4464-3DF8-45A5-B9F8-69A259FB0036}.Debug|Any CPU.ActiveCfg = Debug|Any CPU
		{FD7E4464-3DF8-45A5-B9F8-69A259FB0036}.Debug|Any CPU.Build.0 = Debug|Any CPU
		{FD7E4464-3DF8-45A5-B9F8-69A259FB0036}.Release|Any CPU.ActiveCfg = Release|Any CPU
		{FD7E4464-3DF8-45A5-B9F8-69A259FB0036}.Release|Any CPU.Build.0 = Release|Any CPU
		{7A40E722-8B11-4027-A120-83B078E627CB}.Debug|Any CPU.ActiveCfg = Debug|Any CPU
		{7A40E722-8B11-4027-A120-83B078E627CB}.Debug|Any CPU.Build.0 = Debug|Any CPU
		{7A40E722-8B11-4027-A120-83B078E627CB}.Release|Any CPU.ActiveCfg = Release|Any CPU
		{7A40E722-8B11-4027-A120-83B078E627CB}.Release|Any CPU.Build.0 = Release|Any CPU
		{91EEB0E9-C946-4542-BA2F-D67EB85CB608}.Debug|Any CPU.ActiveCfg = Debug|Any CPU
		{91EEB0E9-C946-4542-BA2F-D67EB85CB608}.Debug|Any CPU.Build.0 = Debug|Any CPU
		{91EEB0E9-C946-4542-BA2F-D67EB85CB608}.Release|Any CPU.ActiveCfg = Release|Any CPU
		{91EEB0E9-C946-4542-BA2F-D67EB85CB608}.Release|Any CPU.Build.0 = Release|Any CPU
		{94D8B4FF-A930-45D7-A8FF-C3ED2DF9763E}.Debug|Any CPU.ActiveCfg = Debug|Any CPU
		{94D8B4FF-A930-45D7-A8FF-C3ED2DF9763E}.Debug|Any CPU.Build.0 = Debug|Any CPU
		{94D8B4FF-A930-45D7-A8FF-C3ED2DF9763E}.Release|Any CPU.ActiveCfg = Release|Any CPU
		{94D8B4FF-A930-45D7-A8FF-C3ED2DF9763E}.Release|Any CPU.Build.0 = Release|Any CPU
		{40FC0AED-F251-4CC2-9166-D6D4DD04D185}.Debug|Any CPU.ActiveCfg = Debug|Any CPU
		{40FC0AED-F251-4CC2-9166-D6D4DD04D185}.Debug|Any CPU.Build.0 = Debug|Any CPU
		{40FC0AED-F251-4CC2-9166-D6D4DD04D185}.Release|Any CPU.ActiveCfg = Release|Any CPU
		{40FC0AED-F251-4CC2-9166-D6D4DD04D185}.Release|Any CPU.Build.0 = Release|Any CPU
	EndGlobalSection
	GlobalSection(SolutionProperties) = preSolution
		HideSolutionNode = FALSE
	EndGlobalSection
	GlobalSection(ExtensibilityGlobals) = postSolution
		SolutionGuid = {5C6AB964-7FA1-4975-A3D2-DC5D5382E498}
	EndGlobalSection
EndGlobal
